
Microsoft Visual Studio Solution File, Format Version 12.00
# Visual Studio 14
VisualStudioVersion = 14.0.25420.1
MinimumVisualStudioVersion = 10.0.40219.1
Project("{FAE04EC0-301F-11D3-BF4B-00C04F79EFBC}") = "LoopNetReporting", "LoopNetReporting\LoopNetReporting.csproj", "{13C00C26-481E-48DC-9988-8959934E8A84}"
EndProject
Global
	GlobalSection(SolutionConfigurationPlatforms) = preSolution
		Debug|Any CPU = Debug|Any CPU
		Debug|x64 = Debug|x64
		Release|Any CPU = Release|Any CPU
		Release|x64 = Release|x64
	EndGlobalSection
	GlobalSection(ProjectConfigurationPlatforms) = postSolution
		{13C00C26-481E-48DC-9988-8959934E8A84}.Debug|Any CPU.ActiveCfg = Debug|x86
		{13C00C26-481E-48DC-9988-8959934E8A84}.Debug|Any CPU.Build.0 = Debug|x86
		{13C00C26-481E-48DC-9988-8959934E8A84}.Debug|x64.ActiveCfg = Debug|x64
		{13C00C26-481E-48DC-9988-8959934E8A84}.Debug|x64.Build.0 = Debug|x64
		{13C00C26-481E-48DC-9988-8959934E8A84}.Release|Any CPU.ActiveCfg = Release|Any CPU
		{13C00C26-481E-48DC-9988-8959934E8A84}.Release|Any CPU.Build.0 = Release|Any CPU
		{13C00C26-481E-48DC-9988-8959934E8A84}.Release|x64.ActiveCfg = Release|x64
		{13C00C26-481E-48DC-9988-8959934E8A84}.Release|x64.Build.0 = Release|x64
	EndGlobalSection
	GlobalSection(SolutionProperties) = preSolution
		HideSolutionNode = FALSE
	EndGlobalSection
EndGlobal
